{
  "name": "@tanzhenxing/zx-dropdown",
  "version": "1.0.3",
  "lockfileVersion": 3,
  "requires": true,
  "packages": {
    "": {
      "name": "@tanzhenxing/zx-dropdown",
      "version": "1.0.3",
      "license": "ISC",
      "dependencies": {
        "@tanzhenxing/zx-dropdown-item": "^1.0.3",
        "@tanzhenxing/zx-dropdown-menu": "^1.0.2"
      }
    },
    "node_modules/@tanzhenxing/zx-dropdown-item": {
      "version": "1.0.3",
      "resolved": "https://registry.npmjs.org/@tanzhenxing/zx-dropdown-item/-/zx-dropdown-item-1.0.3.tgz",
      "integrity": "sha512-9Jj5Am3MAv5aLEtUXiitpeBLOPo+UShZgAAFqYB28pPeQWriJwPRaP6ku/q4RNxdRZBjJKBrweH9ZIpulIiDxw==",
      "license": "ISC"
    },
    "node_modules/@tanzhenxing/zx-dropdown-menu": {
      "version": "1.0.2",
      "resolved": "https://registry.npmjs.org/@tanzhenxing/zx-dropdown-menu/-/zx-dropdown-menu-1.0.2.tgz",
      "integrity": "sha512-eaqicW/fW3rII/8MfAaMxm7wbygs7rtt5/Ef5RDXxxZldxrh+2lX8OGZ4lVVuWmkklhI+jqG+IXNR7VCtMWRUw==",
      "license": "ISC"
    }
  }
}
