{
  "name": "@tanzhenxing/zx-radio",
  "version": "1.0.3",
  "lockfileVersion": 3,
  "requires": true,
  "packages": {
    "": {
      "name": "@tanzhenxing/zx-radio",
      "version": "1.0.3",
      "license": "ISC",
      "dependencies": {
        "@tanzhenxing/zx-radio-group": "^1.0.2"
      }
    },
    "node_modules/@tanzhenxing/zx-radio-group": {
      "version": "1.0.2",
      "resolved": "https://registry.npmjs.org/@tanzhenxing/zx-radio-group/-/zx-radio-group-1.0.2.tgz",
      "integrity": "sha512-vGNhP/BrbzxMHlRLifjv7+mfym4rryMN0BsheHFSqXdHEWrQRp3CzwUQ40Q033CN9sigJAfcHZI1YZiKhg95zA==",
      "license": "ISC"
    }
  }
}
