{
  "name": "@tanzhenxing/zx-breadcrumb",
  "version": "1.0.1",
  "lockfileVersion": 3,
  "requires": true,
  "packages": {
    "": {
      "name": "@tanzhenxing/zx-breadcrumb",
      "version": "1.0.1",
      "license": "ISC",
      "dependencies": {
        "@tanzhenxing/zx-breadcrumb-item": "^1.0.1"
      }
    },
    "node_modules/@tanzhenxing/zx-breadcrumb-item": {
      "version": "1.0.1",
      "resolved": "https://registry.npmjs.org/@tanzhenxing/zx-breadcrumb-item/-/zx-breadcrumb-item-1.0.1.tgz",
      "integrity": "sha512-IT2QidX+kVooWPNDx+plLmPzu3z9Jn0/ht6DqZffbpgmz6CgWJAvF2MF9v3mhOSMeKF56Zm5Zz0Juhw8olPpvA==",
      "license": "ISC"
    }
  }
}
