{
  "name": "@tanzhenxing/zx-grid",
  "version": "1.0.1",
  "lockfileVersion": 3,
  "requires": true,
  "packages": {
    "": {
      "name": "@tanzhenxing/zx-grid",
      "version": "1.0.1",
      "license": "ISC",
      "dependencies": {
        "@tanzhenxing/zx-grid-item": "^1.0.2"
      }
    },
    "node_modules/@tanzhenxing/zx-grid-item": {
      "version": "1.0.2",
      "resolved": "https://registry.npmjs.org/@tanzhenxing/zx-grid-item/-/zx-grid-item-1.0.2.tgz",
      "integrity": "sha512-LCnrOQ94wAH/fE88y5tZQPo+XgKATcdAACrBkEkVurXGY54oLLyRk9v0OqsbeDBpcQ7CiviPjosufneKphmEDg==",
      "license": "ISC"
    }
  }
}
