{
  "name": "@tanzhenxing/zx-swiper",
  "version": "1.0.4",
  "lockfileVersion": 3,
  "requires": true,
  "packages": {
    "": {
      "name": "@tanzhenxing/zx-swiper",
      "version": "1.0.4",
      "license": "ISC",
      "dependencies": {
        "@tanzhenxing/zx-loading": "^1.0.2",
        "@tanzhenxing/zx-swiper-indicator": "^1.0.2"
      }
    },
    "node_modules/@tanzhenxing/zx-loading": {
      "version": "1.0.2",
      "resolved": "https://registry.npmjs.org/@tanzhenxing/zx-loading/-/zx-loading-1.0.2.tgz",
      "integrity": "sha512-wKwo/0pykGQwhGrme5od+i9RK9yPVgpN20wTb7aXxK+kGXK6u7Ihqkn2QawsEOSne3l7SRNAcfvlAOG2f74WwQ==",
      "license": "ISC"
    },
    "node_modules/@tanzhenxing/zx-swiper-indicator": {
      "version": "1.0.2",
      "resolved": "https://registry.npmjs.org/@tanzhenxing/zx-swiper-indicator/-/zx-swiper-indicator-1.0.2.tgz",
      "integrity": "sha512-h4UXn1e6YuwRffi6XOrBlAk9gsHqmUSbM2FDAOl2lBmmNP8oiZBMlTRr5xYFloBmfbgxhRIzLyQMxcd93nW96Q==",
      "license": "ISC"
    }
  }
}
