{
  "name": "@tanzhenxing/zx-popup",
  "version": "1.0.1",
  "lockfileVersion": 3,
  "requires": true,
  "packages": {
    "": {
      "name": "@tanzhenxing/zx-popup",
      "version": "1.0.1",
      "license": "ISC",
      "dependencies": {
        "@tanzhenxing/zx-transition": "^1.0.6"
      }
    },
    "node_modules/@tanzhenxing/zx-transition": {
      "version": "1.0.6",
      "resolved": "https://registry.npmjs.org/@tanzhenxing/zx-transition/-/zx-transition-1.0.6.tgz",
      "integrity": "sha512-cfwCxo8m440X0kmBHP6hHQK16AgJQtbThYrq3GgZUe8CyesDDAsRA8fAyo77JjWF/wJoIkLJrn+c7eZNMvi9kw==",
      "license": "ISC"
    }
  }
}
