{
  "name": "zx-area",
  "version": "1.0.0",
  "lockfileVersion": 3,
  "requires": true,
  "packages": {
    "": {
      "name": "zx-area",
      "version": "1.0.0",
      "license": "ISC",
      "dependencies": {
        "@vant/area-data": "^2.0.0"
      }
    },
    "node_modules/@vant/area-data": {
      "version": "2.0.0",
      "resolved": "https://registry.npmjs.org/@vant/area-data/-/area-data-2.0.0.tgz",
      "integrity": "sha512-zgP4AA8z09S9QTNgVCCHo9cHjcybrv22RJDYPjuCkecn4SB98T5EoPQh2TwqbQXmUhbaOGgiZGy3OUaUxnY7qg==",
      "license": "MIT"
    }
  }
}
