{
  "name": "@tanzhenxing/zx-switch",
  "version": "1.0.6",
  "lockfileVersion": 3,
  "requires": true,
  "packages": {
    "": {
      "name": "@tanzhenxing/zx-switch",
      "version": "1.0.6",
      "license": "ISC",
      "dependencies": {
        "@tanzhenxing/zx-loading": "^1.0.2"
      }
    },
    "node_modules/@tanzhenxing/zx-loading": {
      "version": "1.0.2",
      "resolved": "https://registry.npmjs.org/@tanzhenxing/zx-loading/-/zx-loading-1.0.2.tgz",
      "integrity": "sha512-wKwo/0pykGQwhGrme5od+i9RK9yPVgpN20wTb7aXxK+kGXK6u7Ihqkn2QawsEOSne3l7SRNAcfvlAOG2f74WwQ==",
      "license": "ISC"
    }
  }
}
